// !$*UTF8*$!
{
	archiveVersion = 1;
	classes = {
	};
	objectVersion = 50;
	objects = {

/* Begin PBXBuildFile section */
		3FC92E4A22261DAA006CC773 /* AppDelegate.swift in Sources */ = {isa = PBXBuildFile; fileRef = 3FC92E4922261DAA006CC773 /* AppDelegate.swift */; };
		3FC92E4C22261DAA006CC773 /* GuesserViewController.swift in Sources */ = {isa = PBXBuildFile; fileRef = 3FC92E4B22261DAA006CC773 /* GuesserViewController.swift */; };
		3FC92E4E22261DAA006CC773 /* HistoryViewController.swift in Sources */ = {isa = PBXBuildFile; fileRef = 3FC92E4D22261DAA006CC773 /* HistoryViewController.swift */; };
		3FC92E5122261DAA006CC773 /* Main.storyboard in Resources */ = {isa = PBXBuildFile; fileRef = 3FC92E4F22261DAA006CC773 /* Main.storyboard */; };
		3FC92E5322261DAA006CC773 /* Assets.xcassets in Resources */ = {isa = PBXBuildFile; fileRef = 3FC92E5222261DAA006CC773 /* Assets.xcassets */; };
		3FC92E5622261DAA006CC773 /* LaunchScreen.storyboard in Resources */ = {isa = PBXBuildFile; fileRef = 3FC92E5422261DAA006CC773 /* LaunchScreen.storyboard */; };
		3FC92E5E222631C9006CC773 /* StatisticsViewController.swift in Sources */ = {isa = PBXBuildFile; fileRef = 3FC92E5D222631C9006CC773 /* StatisticsViewController.swift */; };
		3FC92E6022263259006CC773 /* Guesser.swift in Sources */ = {isa = PBXBuildFile; fileRef = 3FC92E5F22263259006CC773 /* Guesser.swift */; };
/* End PBXBuildFile section */

/* Begin PBXFileReference section */
		3FC92E4622261DAA006CC773 /* Guesser.app */ = {isa = PBXFileReference; explicitFileType = wrapper.application; includeInIndex = 0; path = Guesser.app; sourceTree = BUILT_PRODUCTS_DIR; };
		3FC92E4922261DAA006CC773 /* AppDelegate.swift */ = {isa = PBXFileReference; lastKnownFileType = sourcecode.swift; path = AppDelegate.swift; sourceTree = "<group>"; };
		3FC92E4B22261DAA006CC773 /* GuesserViewController.swift */ = {isa = PBXFileReference; lastKnownFileType = sourcecode.swift; path = GuesserViewController.swift; sourceTree = "<group>"; };
		3FC92E4D22261DAA006CC773 /* HistoryViewController.swift */ = {isa = PBXFileReference; lastKnownFileType = sourcecode.swift; path = HistoryViewController.swift; sourceTree = "<group>"; };
		3FC92E5022261DAA006CC773 /* Base */ = {isa = PBXFileReference; lastKnownFileType = file.storyboard; name = Base; path = Base.lproj/Main.storyboard; sourceTree = "<group>"; };
		3FC92E5222261DAA006CC773 /* Assets.xcassets */ = {isa = PBXFileReference; lastKnownFileType = folder.assetcatalog; path = Assets.xcassets; sourceTree = "<group>"; };
		3FC92E5522261DAA006CC773 /* Base */ = {isa = PBXFileReference; lastKnownFileType = file.storyboard; name = Base; path = Base.lproj/LaunchScreen.storyboard; sourceTree = "<group>"; };
		3FC92E5722261DAA006CC773 /* Info.plist */ = {isa = PBXFileReference; lastKnownFileType = text.plist.xml; path = Info.plist; sourceTree = "<group>"; };
		3FC92E5D222631C9006CC773 /* StatisticsViewController.swift */ = {isa = PBXFileReference; lastKnownFileType = sourcecode.swift; path = StatisticsViewController.swift; sourceTree = "<group>"; };
		3FC92E5F22263259006CC773 /* Guesser.swift */ = {isa = PBXFileReference; lastKnownFileType = sourcecode.swift; path = Guesser.swift; sourceTree = "<group>"; };
/* End PBXFileReference section */

/* Begin PBXFrameworksBuildPhase section */
		3FC92E4322261DA9006CC773 /* Frameworks */ = {
			isa = PBXFrameworksBuildPhase;
			buildActionMask = 2147483647;
			files = (
			);
			runOnlyForDeploymentPostprocessing = 0;
		};
/* End PBXFrameworksBuildPhase section */

/* Begin PBXGroup section */
		3FC92E3D22261DA9006CC773 = {
			isa = PBXGroup;
			children = (
				3FC92E4822261DAA006CC773 /* Guesser */,
				3FC92E4722261DAA006CC773 /* Products */,
			);
			sourceTree = "<group>";
		};
		3FC92E4722261DAA006CC773 /* Products */ = {
			isa = PBXGroup;
			children = (
				3FC92E4622261DAA006CC773 /* Guesser.app */,
			);
			name = Products;
			sourceTree = "<group>";
		};
		3FC92E4822261DAA006CC773 /* Guesser */ = {
			isa = PBXGroup;
			children = (
				3FC92E4922261DAA006CC773 /* AppDelegate.swift */,
				3FC92E4B22261DAA006CC773 /* GuesserViewController.swift */,
				3FC92E4D22261DAA006CC773 /* HistoryViewController.swift */,
				3FC92E4F22261DAA006CC773 /* Main.storyboard */,
				3FC92E5222261DAA006CC773 /* Assets.xcassets */,
				3FC92E5422261DAA006CC773 /* LaunchScreen.storyboard */,
				3FC92E5722261DAA006CC773 /* Info.plist */,
				3FC92E5D222631C9006CC773 /* StatisticsViewController.swift */,
				3FC92E5F22263259006CC773 /* Guesser.swift */,
			);
			path = Guesser;
			sourceTree = "<group>";
		};
/* End PBXGroup section */

/* Begin PBXNativeTarget section */
		3FC92E4522261DA9006CC773 /* Guesser */ = {
			isa = PBXNativeTarget;
			buildConfigurationList = 3FC92E5A22261DAA006CC773 /* Build configuration list for PBXNativeTarget "Guesser" */;
			buildPhases = (
				3FC92E4222261DA9006CC773 /* Sources */,
				3FC92E4322261DA9006CC773 /* Frameworks */,
				3FC92E4422261DA9006CC773 /* Resources */,
			);
			buildRules = (
			);
			dependencies = (
			);
			name = Guesser;
			productName = Guesser;
			productReference = 3FC92E4622261DAA006CC773 /* Guesser.app */;
			productType = "com.apple.product-type.application";
		};
/* End PBXNativeTarget section */

/* Begin PBXProject section */
		3FC92E3E22261DA9006CC773 /* Project object */ = {
			isa = PBXProject;
			attributes = {
				LastSwiftUpdateCheck = 1000;
				LastUpgradeCheck = 1000;
				ORGANIZATIONNAME = Student;
				TargetAttributes = {
					3FC92E4522261DA9006CC773 = {
						CreatedOnToolsVersion = 10.0;
					};
				};
			};
			buildConfigurationList = 3FC92E4122261DA9006CC773 /* Build configuration list for PBXProject "Guesser" */;
			compatibilityVersion = "Xcode 9.3";
			developmentRegion = en;
			hasScannedForEncodings = 0;
			knownRegions = (
				en,
				Base,
			);
			mainGroup = 3FC92E3D22261DA9006CC773;
			productRefGroup = 3FC92E4722261DAA006CC773 /* Products */;
			projectDirPath = "";
			projectRoot = "";
			targets = (
				3FC92E4522261DA9006CC773 /* Guesser */,
			);
		};
/* End PBXProject section */

/* Begin PBXResourcesBuildPhase section */
		3FC92E4422261DA9006CC773 /* Resources */ = {
			isa = PBXResourcesBuildPhase;
			buildActionMask = 2147483647;
			files = (
				3FC92E5622261DAA006CC773 /* LaunchScreen.storyboard in Resources */,
				3FC92E5322261DAA006CC773 /* Assets.xcassets in Resources */,
				3FC92E5122261DAA006CC773 /* Main.storyboard in Resources */,
			);
			runOnlyForDeploymentPostprocessing = 0;
		};
/* End PBXResourcesBuildPhase section */

/* Begin PBXSourcesBuildPhase section */
		3FC92E4222261DA9006CC773 /* Sources */ = {
			isa = PBXSourcesBuildPhase;
			buildActionMask = 2147483647;
			files = (
				3FC92E4E22261DAA006CC773 /* HistoryViewController.swift in Sources */,
				3FC92E4A22261DAA006CC773 /* AppDelegate.swift in Sources */,
				3FC92E6022263259006CC773 /* Guesser.swift in Sources */,
				3FC92E4C22261DAA006CC773 /* GuesserViewController.swift in Sources */,
				3FC92E5E222631C9006CC773 /* StatisticsViewController.swift in Sources */,
			);
			runOnlyForDeploymentPostprocessing = 0;
		};
/* End PBXSourcesBuildPhase section */

/* Begin PBXVariantGroup section */
		3FC92E4F22261DAA006CC773 /* Main.storyboard */ = {
			isa = PBXVariantGroup;
			children = (
				3FC92E5022261DAA006CC773 /* Base */,
			);
			name = Main.storyboard;
			sourceTree = "<group>";
		};
		3FC92E5422261DAA006CC773 /* LaunchScreen.storyboard */ = {
			isa = PBXVariantGroup;
			children = (
				3FC92E5522261DAA006CC773 /* Base */,
			);
			name = LaunchScreen.storyboard;
			sourceTree = "<group>";
		};
/* End PBXVariantGroup section */

/* Begin XCBuildConfiguration section */
		3FC92E5822261DAA006CC773 /* Debug */ = {
			isa = XCBuildConfiguration;
			buildSettings = {
				ALWAYS_SEARCH_USER_PATHS = NO;
				CLANG_ANALYZER_NONNULL = YES;
				CLANG_ANALYZER_NUMBER_OBJECT_CONVERSION = YES_AGGRESSIVE;
				CLANG_CXX_LANGUAGE_STANDARD = "gnu++14";
				CLANG_CXX_LIBRARY = "libc++";
				CLANG_ENABLE_MODULES = YES;
				CLANG_ENABLE_OBJC_ARC = YES;
				CLANG_ENABLE_OBJC_WEAK = YES;
				CLANG_WARN_BLOCK_CAPTURE_AUTORELEASING = YES;
				CLANG_WARN_BOOL_CONVERSION = YES;
				CLANG_WARN_COMMA = YES;
				CLANG_WARN_CONSTANT_CONVERSION = YES;
				CLANG_WARN_DEPRECATED_OBJC_IMPLEMENTATIONS = YES;
				CLANG_WARN_DIRECT_OBJC_ISA_USAGE = YES_ERROR;
				CLANG_WARN_DOCUMENTATION_COMMENTS = YES;
				CLANG_WARN_EMPTY_BODY = YES;
				CLANG_WARN_ENUM_CONVERSION = YES;
				CLANG_WARN_INFINITE_RECURSION = YES;
				CLANG_WARN_INT_CONVERSION = YES;
				CLANG_WARN_NON_LITERAL_NULL_CONVERSION = YES;
				CLANG_WARN_OBJC_IMPLICIT_RETAIN_SELF = YES;
				CLANG_WARN_OBJC_LITERAL_CONVERSION = YES;
				CLANG_WARN_OBJC_ROOT_CLASS = YES_ERROR;
				CLANG_WARN_RANGE_LOOP_ANALYSIS = YES;
				CLANG_WARN_STRICT_PROTOTYPES = YES;
				CLANG_WARN_SUSPICIOUS_MOVE = YES;
				CLANG_WARN_UNGUARDED_AVAILABILITY = YES_AGGRESSIVE;
				CLANG_WARN_UNREACHABLE_CODE = YES;
				CLANG_WARN__DUPLICATE_METHOD_MATCH = YES;
				CODE_SIGN_IDENTITY = "iPhone Developer";
				COPY_PHASE_STRIP = NO;
				DEBUG_INFORMATION_FORMAT = dwarf;
				ENABLE_STRICT_OBJC_MSGSEND = YES;
				ENABLE_TESTABILITY = YES;
				GCC_C_LANGUAGE_STANDARD = gnu11;
				GCC_DYNAMIC_NO_PIC = NO;
				GCC_NO_COMMON_BLOCKS = YES;
				GCC_OPTIMIZATION_LEVEL = 0;
				GCC_PREPROCESSOR_DEFINITIONS = (
					"DEBUG=1",
					"$(inherited)",
				);
				GCC_WARN_64_TO_32_BIT_CONVERSION = YES;
				GCC_WARN_ABOUT_RETURN_TYPE = YES_ERROR;
				GCC_WARN_UNDECLARED_SELECTOR = YES;
				GCC_WARN_UNINITIALIZED_AUTOS = YES_AGGRESSIVE;
				GCC_WARN_UNUSED_FUNCTION = YES;
				GCC_WARN_UNUSED_VARIABLE = YES;
				IPHONEOS_DEPLOYMENT_TARGET = 12.0;
				MTL_ENABLE_DEBUG_INFO = INCLUDE_SOURCE;
				MTL_FAST_MATH = YES;
				ONLY_ACTIVE_ARCH = YES;
				SDKROOT = iphoneos;
				SWIFT_ACTIVE_COMPILATION_CONDITIONS = DEBUG;
				SWIFT_OPTIMIZATION_LEVEL = "-Onone";
			};
			name = Debug;
		};
		3FC92E5922261DAA006CC773 /* Release */ = {
			isa = XCBuildConfiguration;
			buildSettings = {
				ALWAYS_SEARCH_USER_PATHS = NO;
				CLANG_ANALYZER_NONNULL = YES;
				CLANG_ANALYZER_NUMBER_OBJECT_CONVERSION = YES_AGGRESSIVE;
				CLANG_CXX_LANGUAGE_STANDARD = "gnu++14";
				CLANG_CXX_LIBRARY = "libc++";
				CLANG_ENABLE_MODULES = YES;
				CLANG_ENABLE_OBJC_ARC = YES;
				CLANG_ENABLE_OBJC_WEAK = YES;
				CLANG_WARN_BLOCK_CAPTURE_AUTORELEASING = YES;
				CLANG_WARN_BOOL_CONVERSION = YES;
				CLANG_WARN_COMMA = YES;
				CLANG_WARN_CONSTANT_CONVERSION = YES;
				CLANG_WARN_DEPRECATED_OBJC_IMPLEMENTATIONS = YES;
				CLANG_WARN_DIRECT_OBJC_ISA_USAGE = YES_ERROR;
				CLANG_WARN_DOCUMENTATION_COMMENTS = YES;
				CLANG_WARN_EMPTY_BODY = YES;
				CLANG_WARN_ENUM_CONVERSION = YES;
				CLANG_WARN_INFINITE_RECURSION = YES;
				CLANG_WARN_INT_CONVERSION = YES;
				CLANG_WARN_NON_LITERAL_NULL_CONVERSION = YES;
				CLANG_WARN_OBJC_IMPLICIT_RETAIN_SELF = YES;
				CLANG_WARN_OBJC_LITERAL_CONVERSION = YES;
				CLANG_WARN_OBJC_ROOT_CLASS = YES_ERROR;
				CLANG_WARN_RANGE_LOOP_ANALYSIS = YES;
				CLANG_WARN_STRICT_PROTOTYPES = YES;
				CLANG_WARN_SUSPICIOUS_MOVE = YES;
				CLANG_WARN_UNGUARDED_AVAILABILITY = YES_AGGRESSIVE;
				CLANG_WARN_UNREACHABLE_CODE = YES;
				CLANG_WARN__DUPLICATE_METHOD_MATCH = YES;
				CODE_SIGN_IDENTITY = "iPhone Developer";
				COPY_PHASE_STRIP = NO;
				DEBUG_INFORMATION_FORMAT = "dwarf-with-dsym";
				ENABLE_NS_ASSERTIONS = NO;
				ENABLE_STRICT_OBJC_MSGSEND = YES;
				GCC_C_LANGUAGE_STANDARD = gnu11;
				GCC_NO_COMMON_BLOCKS = YES;
				GCC_WARN_64_TO_32_BIT_CONVERSION = YES;
				GCC_WARN_ABOUT_RETURN_TYPE = YES_ERROR;
				GCC_WARN_UNDECLARED_SELECTOR = YES;
				GCC_WARN_UNINITIALIZED_AUTOS = YES_AGGRESSIVE;
				GCC_WARN_UNUSED_FUNCTION = YES;
				GCC_WARN_UNUSED_VARIABLE = YES;
				IPHONEOS_DEPLOYMENT_TARGET = 12.0;
				MTL_ENABLE_DEBUG_INFO = NO;
				MTL_FAST_MATH = YES;
				SDKROOT = iphoneos;
				SWIFT_COMPILATION_MODE = wholemodule;
				SWIFT_OPTIMIZATION_LEVEL = "-O";
				VALIDATE_PRODUCT = YES;
			};
			name = Release;
		};
		3FC92E5B22261DAA006CC773 /* Debug */ = {
			isa = XCBuildConfiguration;
			buildSettings = {
				ASSETCATALOG_COMPILER_APPICON_NAME = AppIcon;
				CODE_SIGN_STYLE = Automatic;
				INFOPLIST_FILE = Guesser/Info.plist;
				LD_RUNPATH_SEARCH_PATHS = (
					"$(inherited)",
					"@executable_path/Frameworks",
				);
				PRODUCT_BUNDLE_IDENTIFIER = NWMSU.Guesser;
				PRODUCT_NAME = "$(TARGET_NAME)";
				SWIFT_VERSION = 4.2;
				TARGETED_DEVICE_FAMILY = "1,2";
			};
			name = Debug;
		};
		3FC92E5C22261DAA006CC773 /* Release */ = {
			isa = XCBuildConfiguration;
			buildSettings = {
				ASSETCATALOG_COMPILER_APPICON_NAME = AppIcon;
				CODE_SIGN_STYLE = Automatic;
				INFOPLIST_FILE = Guesser/Info.plist;
				LD_RUNPATH_SEARCH_PATHS = (
					"$(inherited)",
					"@executable_path/Frameworks",
				);
				PRODUCT_BUNDLE_IDENTIFIER = NWMSU.Guesser;
				PRODUCT_NAME = "$(TARGET_NAME)";
				SWIFT_VERSION = 4.2;
				TARGETED_DEVICE_FAMILY = "1,2";
			};
			name = Release;
		};
/* End XCBuildConfiguration section */

/* Begin XCConfigurationList section */
		3FC92E4122261DA9006CC773 /* Build configuration list for PBXProject "Guesser" */ = {
			isa = XCConfigurationList;
			buildConfigurations = (
				3FC92E5822261DAA006CC773 /* Debug */,
				3FC92E5922261DAA006CC773 /* Release */,
			);
			defaultConfigurationIsVisible = 0;
			defaultConfigurationName = Release;
		};
		3FC92E5A22261DAA006CC773 /* Build configuration list for PBXNativeTarget "Guesser" */ = {
			isa = XCConfigurationList;
			buildConfigurations = (
				3FC92E5B22261DAA006CC773 /* Debug */,
				3FC92E5C22261DAA006CC773 /* Release */,
			);
			defaultConfigurationIsVisible = 0;
			defaultConfigurationName = Release;
		};
/* End XCConfigurationList section */
	};
	rootObject = 3FC92E3E22261DA9006CC773 /* Project object */;
}
